{
  "name": "trust-me-bro",
  "version": "1.6.7",
  "lockfileVersion": 3,
  "requires": true,
  "packages": {
    "": {
      "name": "trust-me-bro",
      "version": "1.6.7",
      "license": "ISC",
      "dependencies": {
        "trust-me-bro": "^1.6.7"
      },
      "bin": {
        "trust-me-bro": "index.js"
      },
      "engines": {
        "node": ">=12.0.0"
      }
    },
    "node_modules/trust-me-bro": {
      "version": "1.6.7",
      "resolved": "https://registry.npmjs.org/trust-me-bro/-/trust-me-bro-1.6.7.tgz",
      "integrity": "sha512-UMsj7idjuHFnk+OdDMXIqoJDh/GRadaA8eQAkow03FoZVUianDCnikVXwv99bikdK4jCeRGFBUxbCJ5E3uwjuw==",
      "license": "ISC",
      "bin": {
        "trust-me-bro": "index.js"
      },
      "engines": {
        "node": ">=12.0.0"
      }
    }
  }
}
